{
  "name": "@kotify/cdk-lambda-acme",
  "version": "0.1.0",
  "lockfileVersion": 1,
  "requires": true,
  "dependencies": {
    "@aws-cdk/assets": {
      "version": "1.204.0",
      "resolved": "https://registry.npmjs.org/@aws-cdk/assets/-/assets-1.204.0.tgz",
      "integrity": "sha512-rY9YHZ3gUWr+dLwTwSUWYbIfk/AXy4JZRkhLbunrtzjQhH+QMm/2IWIebfBGu+A5AlVRaFbRLonReuGP5WZoUQ==",
      "requires": {
        "@aws-cdk/core": "1.204.0",
        "@aws-cdk/cx-api": "1.204.0",
        "constructs": "^3.3.69"
      }
    },
    "@aws-cdk/aws-acmpca": {
      "version": "1.204.0",
      "resolved": "https://registry.npmjs.org/@aws-cdk/aws-acmpca/-/aws-acmpca-1.204.0.tgz",
      "integrity": "sha512-2zyuQZwynwkz2qiuFDp088tglWXKX3q7saWRDqeuq2n2HE6PGuQRjd4zjl9nDGUVxQYtzzXyEuPyaEta8fg9lQ==",
      "requires": {
        "@aws-cdk/core": "1.204.0",
        "constructs": "^3.3.69"
      }
    },
    "@aws-cdk/aws-apigateway": {
      "version": "1.204.0",
      "resolved": "https://registry.npmjs.org/@aws-cdk/aws-apigateway/-/aws-apigateway-1.204.0.tgz",
      "integrity": "sha512-uVK309Ltdq/Q0w0tREtIIJYKAeevKwU/oqVMy+PKis1+bSEesN64hIPAd+qqBuChrzCdhEDtY9oiKGOTvM0Alg==",
      "requires": {
        "@aws-cdk/aws-certificatemanager": "1.204.0",
        "@aws-cdk/aws-cloudwatch": "1.204.0",
        "@aws-cdk/aws-cognito": "1.204.0",
        "@aws-cdk/aws-ec2": "1.204.0",
        "@aws-cdk/aws-elasticloadbalancingv2": "1.204.0",
        "@aws-cdk/aws-iam": "1.204.0",
        "@aws-cdk/aws-lambda": "1.204.0",
        "@aws-cdk/aws-logs": "1.204.0",
        "@aws-cdk/aws-s3": "1.204.0",
        "@aws-cdk/aws-s3-assets": "1.204.0",
        "@aws-cdk/aws-stepfunctions": "1.204.0",
        "@aws-cdk/core": "1.204.0",
        "@aws-cdk/cx-api": "1.204.0",
        "constructs": "^3.3.69"
      }
    },
    "@aws-cdk/aws-applicationautoscaling": {
      "version": "1.204.0",
      "resolved": "https://registry.npmjs.org/@aws-cdk/aws-applicationautoscaling/-/aws-applicationautoscaling-1.204.0.tgz",
      "integrity": "sha512-sEe2NODKUowJx2guM2SPfs/20gGdBq1C09M32b8c1im7K+PqQkHkE156nyz5Ml0hpsNeCZlRS17oKZ042aZevQ==",
      "requires": {
        "@aws-cdk/aws-autoscaling-common": "1.204.0",
        "@aws-cdk/aws-cloudwatch": "1.204.0",
        "@aws-cdk/aws-iam": "1.204.0",
        "@aws-cdk/core": "1.204.0",
        "constructs": "^3.3.69"
      }
    },
    "@aws-cdk/aws-autoscaling": {
      "version": "1.204.0",
      "resolved": "https://registry.npmjs.org/@aws-cdk/aws-autoscaling/-/aws-autoscaling-1.204.0.tgz",
      "integrity": "sha512-LVQK84GR6U0RXfPbxZauWDCfcgBgH4bofOHx1sfr6yz7FTSYYkYM2tMJl81SmVc6ueSJzfhFtIcWhSpMBH9yig==",
      "requires": {
        "@aws-cdk/aws-autoscaling-common": "1.204.0",
        "@aws-cdk/aws-cloudwatch": "1.204.0",
        "@aws-cdk/aws-ec2": "1.204.0",
        "@aws-cdk/aws-elasticloadbalancing": "1.204.0",
        "@aws-cdk/aws-elasticloadbalancingv2": "1.204.0",
        "@aws-cdk/aws-iam": "1.204.0",
        "@aws-cdk/aws-sns": "1.204.0",
        "@aws-cdk/core": "1.204.0",
        "constructs": "^3.3.69"
      }
    },
    "@aws-cdk/aws-autoscaling-common": {
      "version": "1.204.0",
      "resolved": "https://registry.npmjs.org/@aws-cdk/aws-autoscaling-common/-/aws-autoscaling-common-1.204.0.tgz",
      "integrity": "sha512-P+PwbTaj28Eg9+/U9ZTXTh1gA7L9Z45GL+9xcEZvEqAkJt9MNgzZICavVZu1sMD74foK1r1ZOBXTsqV6wEiltQ==",
      "requires": {
        "@aws-cdk/aws-iam": "1.204.0",
        "@aws-cdk/core": "1.204.0",
        "constructs": "^3.3.69"
      }
    },
    "@aws-cdk/aws-autoscaling-hooktargets": {
      "version": "1.204.0",
      "resolved": "https://registry.npmjs.org/@aws-cdk/aws-autoscaling-hooktargets/-/aws-autoscaling-hooktargets-1.204.0.tgz",
      "integrity": "sha512-FiS2SqrBtNg4Cpf1rmJcxQwKJE6pGgzyKLnMWzHITDpYur3D3rKNuWSq2PW/60mjIfkBudcMFE1GIdgBxZNeUQ==",
      "requires": {
        "@aws-cdk/aws-autoscaling": "1.204.0",
        "@aws-cdk/aws-iam": "1.204.0",
        "@aws-cdk/aws-kms": "1.204.0",
        "@aws-cdk/aws-lambda": "1.204.0",
        "@aws-cdk/aws-sns": "1.204.0",
        "@aws-cdk/aws-sns-subscriptions": "1.204.0",
        "@aws-cdk/aws-sqs": "1.204.0",
        "@aws-cdk/core": "1.204.0",
        "constructs": "^3.3.69"
      }
    },
    "@aws-cdk/aws-certificatemanager": {
      "version": "1.204.0",
      "resolved": "https://registry.npmjs.org/@aws-cdk/aws-certificatemanager/-/aws-certificatemanager-1.204.0.tgz",
      "integrity": "sha512-ZLykfAOb5Zbg/MFtzA+eHhMAK1xL32+oHKSK6tAYrgvv2aS42wJE4zSBV6jGCjnCkhcliUd5pwnACEl3ib0KLw==",
      "requires": {
        "@aws-cdk/aws-acmpca": "1.204.0",
        "@aws-cdk/aws-cloudwatch": "1.204.0",
        "@aws-cdk/aws-iam": "1.204.0",
        "@aws-cdk/aws-lambda": "1.204.0",
        "@aws-cdk/aws-route53": "1.204.0",
        "@aws-cdk/core": "1.204.0",
        "constructs": "^3.3.69"
      }
    },
    "@aws-cdk/aws-cloudformation": {
      "version": "1.204.0",
      "resolved": "https://registry.npmjs.org/@aws-cdk/aws-cloudformation/-/aws-cloudformation-1.204.0.tgz",
      "integrity": "sha512-9PkZa9mKLneB0My8wJC7lLZmPJsnOxNYy57ZZlRCQhK0eO6Jc9eVqrI29537W+3ireaEjCLEitkb8NO1FN/kQA==",
      "requires": {
        "@aws-cdk/aws-iam": "1.204.0",
        "@aws-cdk/aws-lambda": "1.204.0",
        "@aws-cdk/aws-s3": "1.204.0",
        "@aws-cdk/aws-sns": "1.204.0",
        "@aws-cdk/core": "1.204.0",
        "@aws-cdk/cx-api": "1.204.0",
        "constructs": "^3.3.69"
      }
    },
    "@aws-cdk/aws-cloudfront": {
      "version": "1.204.0",
      "resolved": "https://registry.npmjs.org/@aws-cdk/aws-cloudfront/-/aws-cloudfront-1.204.0.tgz",
      "integrity": "sha512-bgqGsImVjFQJihDvLg0hWRtmq2b+HVj94Fngz/zo4PsB5kTt1QZvHOk2HNBkozNhDK8LXysHtdKvmzpaK29TJQ==",
      "requires": {
        "@aws-cdk/aws-certificatemanager": "1.204.0",
        "@aws-cdk/aws-cloudwatch": "1.204.0",
        "@aws-cdk/aws-ec2": "1.204.0",
        "@aws-cdk/aws-iam": "1.204.0",
        "@aws-cdk/aws-kms": "1.204.0",
        "@aws-cdk/aws-lambda": "1.204.0",
        "@aws-cdk/aws-s3": "1.204.0",
        "@aws-cdk/aws-ssm": "1.204.0",
        "@aws-cdk/core": "1.204.0",
        "@aws-cdk/cx-api": "1.204.0",
        "constructs": "^3.3.69"
      }
    },
    "@aws-cdk/aws-cloudwatch": {
      "version": "1.204.0",
      "resolved": "https://registry.npmjs.org/@aws-cdk/aws-cloudwatch/-/aws-cloudwatch-1.204.0.tgz",
      "integrity": "sha512-ADT2D+4FtB9Zcy/TlF2tswQmjmrPVgORYTkznQQ2SniCODHWzz558+G1RV+IVvWRdH7nYQtV0UEuGZKpffWh2w==",
      "requires": {
        "@aws-cdk/aws-iam": "1.204.0",
        "@aws-cdk/core": "1.204.0",
        "constructs": "^3.3.69"
      }
    },
    "@aws-cdk/aws-codebuild": {
      "version": "1.204.0",
      "resolved": "https://registry.npmjs.org/@aws-cdk/aws-codebuild/-/aws-codebuild-1.204.0.tgz",
      "integrity": "sha512-k99U2yuifFZfvSl8v1PlAg2KeMBUrhD8R0xGPvnOP+Im78tbRu6bumXM60CCJCH38oN3Z9bbnVqBUqjsG4ZSOA==",
      "requires": {
        "@aws-cdk/assets": "1.204.0",
        "@aws-cdk/aws-cloudwatch": "1.204.0",
        "@aws-cdk/aws-codecommit": "1.204.0",
        "@aws-cdk/aws-codestarnotifications": "1.204.0",
        "@aws-cdk/aws-ec2": "1.204.0",
        "@aws-cdk/aws-ecr": "1.204.0",
        "@aws-cdk/aws-ecr-assets": "1.204.0",
        "@aws-cdk/aws-events": "1.204.0",
        "@aws-cdk/aws-iam": "1.204.0",
        "@aws-cdk/aws-kms": "1.204.0",
        "@aws-cdk/aws-logs": "1.204.0",
        "@aws-cdk/aws-s3": "1.204.0",
        "@aws-cdk/aws-s3-assets": "1.204.0",
        "@aws-cdk/aws-secretsmanager": "1.204.0",
        "@aws-cdk/core": "1.204.0",
        "@aws-cdk/region-info": "1.204.0",
        "constructs": "^3.3.69",
        "yaml": "1.10.2"
      },
      "dependencies": {
        "yaml": {
          "version": "1.10.2",
          "bundled": true
        }
      }
    },
    "@aws-cdk/aws-codecommit": {
      "version": "1.204.0",
      "resolved": "https://registry.npmjs.org/@aws-cdk/aws-codecommit/-/aws-codecommit-1.204.0.tgz",
      "integrity": "sha512-O6TtbpUNI6/toCZs63Gb3Wl1sR1w12igYXHuyNZaODw64+SY1uXwLWDgQYd2ZfMFC/+NfVTgyuIRTJIyVXengA==",
      "requires": {
        "@aws-cdk/aws-codestarnotifications": "1.204.0",
        "@aws-cdk/aws-events": "1.204.0",
        "@aws-cdk/aws-iam": "1.204.0",
        "@aws-cdk/aws-s3-assets": "1.204.0",
        "@aws-cdk/core": "1.204.0",
        "constructs": "^3.3.69"
      }
    },
    "@aws-cdk/aws-codeguruprofiler": {
      "version": "1.204.0",
      "resolved": "https://registry.npmjs.org/@aws-cdk/aws-codeguruprofiler/-/aws-codeguruprofiler-1.204.0.tgz",
      "integrity": "sha512-IrgY4SmVf9p5POfHm8BsPzaAO5lQTG7nhb5qN5AzS6zKCTuEjjTNHjx1TOfPV12mMIDAIVsK91mjDlAR88Mjbg==",
      "requires": {
        "@aws-cdk/aws-iam": "1.204.0",
        "@aws-cdk/core": "1.204.0",
        "constructs": "^3.3.69"
      }
    },
    "@aws-cdk/aws-codepipeline": {
      "version": "1.204.0",
      "resolved": "https://registry.npmjs.org/@aws-cdk/aws-codepipeline/-/aws-codepipeline-1.204.0.tgz",
      "integrity": "sha512-0Ocz2c1yFTcD4+n2oVGBCmElOUE95rNFJchxfAGmRRtjDO+JJnEL4nUpSrzkMl9PaDBeZvMa2qjZF8/3Kvrg/Q==",
      "requires": {
        "@aws-cdk/aws-codestarnotifications": "1.204.0",
        "@aws-cdk/aws-events": "1.204.0",
        "@aws-cdk/aws-iam": "1.204.0",
        "@aws-cdk/aws-kms": "1.204.0",
        "@aws-cdk/aws-s3": "1.204.0",
        "@aws-cdk/core": "1.204.0",
        "constructs": "^3.3.69"
      }
    },
    "@aws-cdk/aws-codestarnotifications": {
      "version": "1.204.0",
      "resolved": "https://registry.npmjs.org/@aws-cdk/aws-codestarnotifications/-/aws-codestarnotifications-1.204.0.tgz",
      "integrity": "sha512-t//hSpC5/uVW2321YlbGabNVzhWayvqz+xSnagADGcT9qiq3KQR/uUlrgpHv1/eHRMk7EMrY9prlXeZpfzZ+cw==",
      "requires": {
        "@aws-cdk/core": "1.204.0",
        "constructs": "^3.3.69"
      }
    },
    "@aws-cdk/aws-cognito": {
      "version": "1.204.0",
      "resolved": "https://registry.npmjs.org/@aws-cdk/aws-cognito/-/aws-cognito-1.204.0.tgz",
      "integrity": "sha512-7QIbExW9dn1fktpDOh2nMHmor2S3uuHtIX5y33lc9OKg3xUuYw4AZ67MKapunN7QUBlffTlNzoUqlHoNSab+Zg==",
      "requires": {
        "@aws-cdk/aws-certificatemanager": "1.204.0",
        "@aws-cdk/aws-iam": "1.204.0",
        "@aws-cdk/aws-kms": "1.204.0",
        "@aws-cdk/aws-lambda": "1.204.0",
        "@aws-cdk/core": "1.204.0",
        "@aws-cdk/custom-resources": "1.204.0",
        "constructs": "^3.3.69",
        "punycode": "^2.3.0"
      },
      "dependencies": {
        "punycode": {
          "version": "2.3.0",
          "bundled": true
        }
      }
    },
    "@aws-cdk/aws-ec2": {
      "version": "1.204.0",
      "resolved": "https://registry.npmjs.org/@aws-cdk/aws-ec2/-/aws-ec2-1.204.0.tgz",
      "integrity": "sha512-SoqZEgzdfPW0aa+FQ0CjzbDG+X+sDu6/BnLL2O10lxpa+9Dc1iyArAqNKFJG5KXGJe9ibvQXyNQqEjeGRFc22Q==",
      "requires": {
        "@aws-cdk/aws-cloudwatch": "1.204.0",
        "@aws-cdk/aws-iam": "1.204.0",
        "@aws-cdk/aws-kms": "1.204.0",
        "@aws-cdk/aws-logs": "1.204.0",
        "@aws-cdk/aws-s3": "1.204.0",
        "@aws-cdk/aws-s3-assets": "1.204.0",
        "@aws-cdk/aws-ssm": "1.204.0",
        "@aws-cdk/cloud-assembly-schema": "1.204.0",
        "@aws-cdk/core": "1.204.0",
        "@aws-cdk/cx-api": "1.204.0",
        "@aws-cdk/region-info": "1.204.0",
        "constructs": "^3.3.69"
      }
    },
    "@aws-cdk/aws-ecr": {
      "version": "1.204.0",
      "resolved": "https://registry.npmjs.org/@aws-cdk/aws-ecr/-/aws-ecr-1.204.0.tgz",
      "integrity": "sha512-oCts9e+ackWoFHeyn/3oKm3X1lSizleWNNXHp5WGM38lpNVrtCLMKSShu5iXJBhqRH2Mz1AcA4fDMWhe8DvJFA==",
      "requires": {
        "@aws-cdk/aws-events": "1.204.0",
        "@aws-cdk/aws-iam": "1.204.0",
        "@aws-cdk/aws-kms": "1.204.0",
        "@aws-cdk/core": "1.204.0",
        "constructs": "^3.3.69"
      }
    },
    "@aws-cdk/aws-ecr-assets": {
      "version": "1.204.0",
      "resolved": "https://registry.npmjs.org/@aws-cdk/aws-ecr-assets/-/aws-ecr-assets-1.204.0.tgz",
      "integrity": "sha512-2GHD3pZdDoPxq3HhD4czANuI7TMoxpjszbzsQAc2wbdMX1j+K4vIL+PBpj3altfscPqcvy1v70lBjbG5rcBIkQ==",
      "requires": {
        "@aws-cdk/assets": "1.204.0",
        "@aws-cdk/aws-ecr": "1.204.0",
        "@aws-cdk/aws-iam": "1.204.0",
        "@aws-cdk/aws-s3": "1.204.0",
        "@aws-cdk/core": "1.204.0",
        "@aws-cdk/cx-api": "1.204.0",
        "constructs": "^3.3.69"
      }
    },
    "@aws-cdk/aws-ecs": {
      "version": "1.204.0",
      "resolved": "https://registry.npmjs.org/@aws-cdk/aws-ecs/-/aws-ecs-1.204.0.tgz",
      "integrity": "sha512-YhGkLMyjK2e+czTLBlMU/B2kj2DXnIT3+uoLqJ5Go0XeRbeXO2d/D0WdYSBaXWr7oBGpg37oPjpPLbswId7ZTw==",
      "requires": {
        "@aws-cdk/aws-applicationautoscaling": "1.204.0",
        "@aws-cdk/aws-autoscaling": "1.204.0",
        "@aws-cdk/aws-autoscaling-hooktargets": "1.204.0",
        "@aws-cdk/aws-certificatemanager": "1.204.0",
        "@aws-cdk/aws-cloudwatch": "1.204.0",
        "@aws-cdk/aws-ec2": "1.204.0",
        "@aws-cdk/aws-ecr": "1.204.0",
        "@aws-cdk/aws-ecr-assets": "1.204.0",
        "@aws-cdk/aws-elasticloadbalancing": "1.204.0",
        "@aws-cdk/aws-elasticloadbalancingv2": "1.204.0",
        "@aws-cdk/aws-iam": "1.204.0",
        "@aws-cdk/aws-kms": "1.204.0",
        "@aws-cdk/aws-lambda": "1.204.0",
        "@aws-cdk/aws-logs": "1.204.0",
        "@aws-cdk/aws-route53": "1.204.0",
        "@aws-cdk/aws-route53-targets": "1.204.0",
        "@aws-cdk/aws-s3": "1.204.0",
        "@aws-cdk/aws-s3-assets": "1.204.0",
        "@aws-cdk/aws-secretsmanager": "1.204.0",
        "@aws-cdk/aws-servicediscovery": "1.204.0",
        "@aws-cdk/aws-sns": "1.204.0",
        "@aws-cdk/aws-sqs": "1.204.0",
        "@aws-cdk/aws-ssm": "1.204.0",
        "@aws-cdk/core": "1.204.0",
        "@aws-cdk/cx-api": "1.204.0",
        "constructs": "^3.3.69"
      }
    },
    "@aws-cdk/aws-efs": {
      "version": "1.204.0",
      "resolved": "https://registry.npmjs.org/@aws-cdk/aws-efs/-/aws-efs-1.204.0.tgz",
      "integrity": "sha512-FB6nHgCuzYF5K9ywqYPEPjL2G1ATLIR9dJp1p4ydcEUuXDb4KSEVN4Bgx+q1e7EkWGIq+9glr+ckheEcTvETgw==",
      "requires": {
        "@aws-cdk/aws-ec2": "1.204.0",
        "@aws-cdk/aws-iam": "1.204.0",
        "@aws-cdk/aws-kms": "1.204.0",
        "@aws-cdk/cloud-assembly-schema": "1.204.0",
        "@aws-cdk/core": "1.204.0",
        "@aws-cdk/cx-api": "1.204.0",
        "constructs": "^3.3.69"
      }
    },
    "@aws-cdk/aws-elasticloadbalancing": {
      "version": "1.204.0",
      "resolved": "https://registry.npmjs.org/@aws-cdk/aws-elasticloadbalancing/-/aws-elasticloadbalancing-1.204.0.tgz",
      "integrity": "sha512-DhC6hrWqi6EaRLcDBAVrE+/iGa+WUUtLla4oqkLVj/C76VcM1CkCyH/9IX8O1CK0NswtC6AxOF3+z4uroTUWDg==",
      "requires": {
        "@aws-cdk/aws-ec2": "1.204.0",
        "@aws-cdk/core": "1.204.0",
        "constructs": "^3.3.69"
      }
    },
    "@aws-cdk/aws-elasticloadbalancingv2": {
      "version": "1.204.0",
      "resolved": "https://registry.npmjs.org/@aws-cdk/aws-elasticloadbalancingv2/-/aws-elasticloadbalancingv2-1.204.0.tgz",
      "integrity": "sha512-/43kzUTU3w9jimPuD5QZxoBN74+9QnOdhAcqIMVCFLPMkVLAxx3vg5g5MWWG+3j6rUoSecrtrP1AP7thZuo5wA==",
      "requires": {
        "@aws-cdk/aws-certificatemanager": "1.204.0",
        "@aws-cdk/aws-cloudwatch": "1.204.0",
        "@aws-cdk/aws-ec2": "1.204.0",
        "@aws-cdk/aws-iam": "1.204.0",
        "@aws-cdk/aws-lambda": "1.204.0",
        "@aws-cdk/aws-route53": "1.204.0",
        "@aws-cdk/aws-s3": "1.204.0",
        "@aws-cdk/cloud-assembly-schema": "1.204.0",
        "@aws-cdk/core": "1.204.0",
        "@aws-cdk/cx-api": "1.204.0",
        "@aws-cdk/region-info": "1.204.0",
        "constructs": "^3.3.69"
      }
    },
    "@aws-cdk/aws-events": {
      "version": "1.204.0",
      "resolved": "https://registry.npmjs.org/@aws-cdk/aws-events/-/aws-events-1.204.0.tgz",
      "integrity": "sha512-KnfUmtv+4RhydD9+5CHFxNJxtgn7+Xftwfwg1G7qV/tWYPFHcNIvhlSOgwDrQPa+pTo1MmkiUN0lAR0G8B/cbw==",
      "requires": {
        "@aws-cdk/aws-iam": "1.204.0",
        "@aws-cdk/core": "1.204.0",
        "constructs": "^3.3.69"
      }
    },
    "@aws-cdk/aws-events-targets": {
      "version": "1.204.0",
      "resolved": "https://registry.npmjs.org/@aws-cdk/aws-events-targets/-/aws-events-targets-1.204.0.tgz",
      "integrity": "sha512-41bFshmilSxNHeZcbMKWn8Bv+5cHsEG41pBJzKhJiNbKD6W0B9CkyubJsmOUWhlkluZsb08VJYOqLawwxbNfHg==",
      "requires": {
        "@aws-cdk/aws-apigateway": "1.204.0",
        "@aws-cdk/aws-autoscaling": "1.204.0",
        "@aws-cdk/aws-codebuild": "1.204.0",
        "@aws-cdk/aws-codepipeline": "1.204.0",
        "@aws-cdk/aws-ec2": "1.204.0",
        "@aws-cdk/aws-ecs": "1.204.0",
        "@aws-cdk/aws-events": "1.204.0",
        "@aws-cdk/aws-iam": "1.204.0",
        "@aws-cdk/aws-kinesis": "1.204.0",
        "@aws-cdk/aws-kinesisfirehose": "1.204.0",
        "@aws-cdk/aws-kms": "1.204.0",
        "@aws-cdk/aws-lambda": "1.204.0",
        "@aws-cdk/aws-logs": "1.204.0",
        "@aws-cdk/aws-sns": "1.204.0",
        "@aws-cdk/aws-sns-subscriptions": "1.204.0",
        "@aws-cdk/aws-sqs": "1.204.0",
        "@aws-cdk/aws-stepfunctions": "1.204.0",
        "@aws-cdk/core": "1.204.0",
        "@aws-cdk/custom-resources": "1.204.0",
        "constructs": "^3.3.69"
      }
    },
    "@aws-cdk/aws-globalaccelerator": {
      "version": "1.204.0",
      "resolved": "https://registry.npmjs.org/@aws-cdk/aws-globalaccelerator/-/aws-globalaccelerator-1.204.0.tgz",
      "integrity": "sha512-B92vKAncsGV2wxcbHeg230EZibSuzianVu3z0CDVS2EQnQ1A68Ff75JWPFGGnfiJrSnKN/pvzrDKV5Z45bhm4Q==",
      "requires": {
        "@aws-cdk/aws-ec2": "1.204.0",
        "@aws-cdk/core": "1.204.0",
        "@aws-cdk/custom-resources": "1.204.0",
        "constructs": "^3.3.69"
      }
    },
    "@aws-cdk/aws-iam": {
      "version": "1.204.0",
      "resolved": "https://registry.npmjs.org/@aws-cdk/aws-iam/-/aws-iam-1.204.0.tgz",
      "integrity": "sha512-Fh2egW3v/uDdw3m4jvcupS7COL/+sJl2NHjz9l298ddyMxqDwJD2NQwE8mvgPLK4rDtAtDnE0c8RS6d+NWiC+w==",
      "requires": {
        "@aws-cdk/core": "1.204.0",
        "@aws-cdk/cx-api": "1.204.0",
        "@aws-cdk/region-info": "1.204.0",
        "constructs": "^3.3.69"
      }
    },
    "@aws-cdk/aws-kinesis": {
      "version": "1.204.0",
      "resolved": "https://registry.npmjs.org/@aws-cdk/aws-kinesis/-/aws-kinesis-1.204.0.tgz",
      "integrity": "sha512-CZm0Qk0PoagLZ81XadxgKFM0/20fhFuYRnT98oqdvsrqvYJddXaKt/peCI5v/PbRtptGkpn2FoHjkwxKWoJNJA==",
      "requires": {
        "@aws-cdk/aws-cloudwatch": "1.204.0",
        "@aws-cdk/aws-iam": "1.204.0",
        "@aws-cdk/aws-kms": "1.204.0",
        "@aws-cdk/aws-logs": "1.204.0",
        "@aws-cdk/core": "1.204.0",
        "constructs": "^3.3.69"
      }
    },
    "@aws-cdk/aws-kinesisfirehose": {
      "version": "1.204.0",
      "resolved": "https://registry.npmjs.org/@aws-cdk/aws-kinesisfirehose/-/aws-kinesisfirehose-1.204.0.tgz",
      "integrity": "sha512-RZtVh1AiWbTtygNAaymoiOWWY41uk1ZRApMVJ+4wF0UTKMhDbcYMgoeTjgyg5ZQk1nzfI1iinNPEp/VggJTjuA==",
      "requires": {
        "@aws-cdk/aws-cloudwatch": "1.204.0",
        "@aws-cdk/aws-ec2": "1.204.0",
        "@aws-cdk/aws-iam": "1.204.0",
        "@aws-cdk/aws-kinesis": "1.204.0",
        "@aws-cdk/aws-kms": "1.204.0",
        "@aws-cdk/aws-lambda": "1.204.0",
        "@aws-cdk/aws-logs": "1.204.0",
        "@aws-cdk/aws-s3": "1.204.0",
        "@aws-cdk/core": "1.204.0",
        "@aws-cdk/region-info": "1.204.0",
        "constructs": "^3.3.69"
      }
    },
    "@aws-cdk/aws-kms": {
      "version": "1.204.0",
      "resolved": "https://registry.npmjs.org/@aws-cdk/aws-kms/-/aws-kms-1.204.0.tgz",
      "integrity": "sha512-iryZQ428L1VUVQ0zE96XTWWX7ANVtDrb6x+ZXXLTVUEPgjEd/W6zlcp++Qi0A3a9HLNd4PbEhK9rs0UKNTylzw==",
      "requires": {
        "@aws-cdk/aws-iam": "1.204.0",
        "@aws-cdk/cloud-assembly-schema": "1.204.0",
        "@aws-cdk/core": "1.204.0",
        "@aws-cdk/cx-api": "1.204.0",
        "constructs": "^3.3.69"
      }
    },
    "@aws-cdk/aws-lambda": {
      "version": "1.204.0",
      "resolved": "https://registry.npmjs.org/@aws-cdk/aws-lambda/-/aws-lambda-1.204.0.tgz",
      "integrity": "sha512-r0XXovrLAx8Q8Fz915SwzyQM/KLhEB6YCp3CsWliFGSOHEjRP8yX8UZdEJqe5kYD7Th9JAhUVzKgyv20P7g5Tg==",
      "requires": {
        "@aws-cdk/aws-applicationautoscaling": "1.204.0",
        "@aws-cdk/aws-cloudwatch": "1.204.0",
        "@aws-cdk/aws-codeguruprofiler": "1.204.0",
        "@aws-cdk/aws-ec2": "1.204.0",
        "@aws-cdk/aws-ecr": "1.204.0",
        "@aws-cdk/aws-ecr-assets": "1.204.0",
        "@aws-cdk/aws-efs": "1.204.0",
        "@aws-cdk/aws-events": "1.204.0",
        "@aws-cdk/aws-iam": "1.204.0",
        "@aws-cdk/aws-kms": "1.204.0",
        "@aws-cdk/aws-logs": "1.204.0",
        "@aws-cdk/aws-s3": "1.204.0",
        "@aws-cdk/aws-s3-assets": "1.204.0",
        "@aws-cdk/aws-signer": "1.204.0",
        "@aws-cdk/aws-sns": "1.204.0",
        "@aws-cdk/aws-sqs": "1.204.0",
        "@aws-cdk/core": "1.204.0",
        "@aws-cdk/cx-api": "1.204.0",
        "@aws-cdk/region-info": "1.204.0",
        "constructs": "^3.3.69"
      }
    },
    "@aws-cdk/aws-logs": {
      "version": "1.204.0",
      "resolved": "https://registry.npmjs.org/@aws-cdk/aws-logs/-/aws-logs-1.204.0.tgz",
      "integrity": "sha512-PuHsDSkX6JFBgldxViGw91eFLageJ2cX89/RyLbWaJJUV4tlUKXSmmkVgOaBmvil0QKuGqbOzLXcXCoIK9Sg3A==",
      "requires": {
        "@aws-cdk/aws-cloudwatch": "1.204.0",
        "@aws-cdk/aws-iam": "1.204.0",
        "@aws-cdk/aws-kms": "1.204.0",
        "@aws-cdk/aws-s3-assets": "1.204.0",
        "@aws-cdk/core": "1.204.0",
        "@aws-cdk/cx-api": "1.204.0",
        "constructs": "^3.3.69"
      }
    },
    "@aws-cdk/aws-route53": {
      "version": "1.204.0",
      "resolved": "https://registry.npmjs.org/@aws-cdk/aws-route53/-/aws-route53-1.204.0.tgz",
      "integrity": "sha512-wQpGUXqc2y7yJFTipfuVxWy/VGeshyGlfGl4evusQK9Md0DMpVmG8kRgazLk1myqUSNSfi643UwvDJqNbYmdnA==",
      "requires": {
        "@aws-cdk/aws-ec2": "1.204.0",
        "@aws-cdk/aws-iam": "1.204.0",
        "@aws-cdk/aws-logs": "1.204.0",
        "@aws-cdk/cloud-assembly-schema": "1.204.0",
        "@aws-cdk/core": "1.204.0",
        "@aws-cdk/custom-resources": "1.204.0",
        "constructs": "^3.3.69"
      }
    },
    "@aws-cdk/aws-route53-targets": {
      "version": "1.204.0",
      "resolved": "https://registry.npmjs.org/@aws-cdk/aws-route53-targets/-/aws-route53-targets-1.204.0.tgz",
      "integrity": "sha512-JyILJz/HGRMilpFxrDk/VXv+TN24DoG5Gfdfh8SJoJpptokowN8blaQ2ibf6N0JnFqWSBrs7gMMWB2dR/sXoTQ==",
      "requires": {
        "@aws-cdk/aws-apigateway": "1.204.0",
        "@aws-cdk/aws-cloudfront": "1.204.0",
        "@aws-cdk/aws-cognito": "1.204.0",
        "@aws-cdk/aws-ec2": "1.204.0",
        "@aws-cdk/aws-elasticloadbalancing": "1.204.0",
        "@aws-cdk/aws-elasticloadbalancingv2": "1.204.0",
        "@aws-cdk/aws-globalaccelerator": "1.204.0",
        "@aws-cdk/aws-iam": "1.204.0",
        "@aws-cdk/aws-route53": "1.204.0",
        "@aws-cdk/aws-s3": "1.204.0",
        "@aws-cdk/core": "1.204.0",
        "@aws-cdk/region-info": "1.204.0",
        "constructs": "^3.3.69"
      }
    },
    "@aws-cdk/aws-s3": {
      "version": "1.204.0",
      "resolved": "https://registry.npmjs.org/@aws-cdk/aws-s3/-/aws-s3-1.204.0.tgz",
      "integrity": "sha512-jsQ4n1L4MdPYDirBoOYgg7yzSk1TaFYo4dnwDlKiLJ5LcHG3Nai1cHb9XQbCy/9KKqbWsbd3WlkH+vcWEl8EUA==",
      "requires": {
        "@aws-cdk/aws-events": "1.204.0",
        "@aws-cdk/aws-iam": "1.204.0",
        "@aws-cdk/aws-kms": "1.204.0",
        "@aws-cdk/core": "1.204.0",
        "@aws-cdk/cx-api": "1.204.0",
        "constructs": "^3.3.69"
      }
    },
    "@aws-cdk/aws-s3-assets": {
      "version": "1.204.0",
      "resolved": "https://registry.npmjs.org/@aws-cdk/aws-s3-assets/-/aws-s3-assets-1.204.0.tgz",
      "integrity": "sha512-3MQbVZ95wW29Bl63tqu0Bz0td3osLyGg352l5G7Ztf3nK35FpuQlgxO4kcu74+s2sRwdd/R4KFV6eWhhPk+J7g==",
      "requires": {
        "@aws-cdk/assets": "1.204.0",
        "@aws-cdk/aws-iam": "1.204.0",
        "@aws-cdk/aws-kms": "1.204.0",
        "@aws-cdk/aws-s3": "1.204.0",
        "@aws-cdk/core": "1.204.0",
        "@aws-cdk/cx-api": "1.204.0",
        "constructs": "^3.3.69"
      }
    },
    "@aws-cdk/aws-sam": {
      "version": "1.204.0",
      "resolved": "https://registry.npmjs.org/@aws-cdk/aws-sam/-/aws-sam-1.204.0.tgz",
      "integrity": "sha512-8M3e1ZT6/nO6Yxtr7YtcrTF5YG6kjw8PcnOjda0SfUFo8Xya7oi1OZvDRIfAeOexsIgqjKSV8s7brDrWM5DIpg==",
      "requires": {
        "@aws-cdk/core": "1.204.0",
        "constructs": "^3.3.69"
      }
    },
    "@aws-cdk/aws-secretsmanager": {
      "version": "1.204.0",
      "resolved": "https://registry.npmjs.org/@aws-cdk/aws-secretsmanager/-/aws-secretsmanager-1.204.0.tgz",
      "integrity": "sha512-ykpjYmP6qVOFbHtkaQBu3Xk7xp2UTR0ouzk7pb+zrEHKGmRvzGq+8J0IU+qXBJgQIVwFAPf2IgOSTzj6FJPdyA==",
      "requires": {
        "@aws-cdk/aws-ec2": "1.204.0",
        "@aws-cdk/aws-iam": "1.204.0",
        "@aws-cdk/aws-kms": "1.204.0",
        "@aws-cdk/aws-lambda": "1.204.0",
        "@aws-cdk/aws-sam": "1.204.0",
        "@aws-cdk/core": "1.204.0",
        "@aws-cdk/cx-api": "1.204.0",
        "constructs": "^3.3.69"
      }
    },
    "@aws-cdk/aws-servicediscovery": {
      "version": "1.204.0",
      "resolved": "https://registry.npmjs.org/@aws-cdk/aws-servicediscovery/-/aws-servicediscovery-1.204.0.tgz",
      "integrity": "sha512-K1ckza6oAj3DntEAYmolm2JafkxJ0ekWb+DCl9hkm9l+546j28Qpb4cm8VkgGteNBN4JYACxrIuIxVC2zBLsCg==",
      "requires": {
        "@aws-cdk/aws-ec2": "1.204.0",
        "@aws-cdk/aws-elasticloadbalancingv2": "1.204.0",
        "@aws-cdk/aws-route53": "1.204.0",
        "@aws-cdk/core": "1.204.0",
        "constructs": "^3.3.69"
      }
    },
    "@aws-cdk/aws-signer": {
      "version": "1.204.0",
      "resolved": "https://registry.npmjs.org/@aws-cdk/aws-signer/-/aws-signer-1.204.0.tgz",
      "integrity": "sha512-AI26FhWF3+f/vDh3mleQa2CXv2/CmSerXgyk4XHMVVTTCjnlYGGmHmGlzYhqOSw6ALpQNdOSw8GVxU/ySpQCaw==",
      "requires": {
        "@aws-cdk/core": "1.204.0",
        "constructs": "^3.3.69"
      }
    },
    "@aws-cdk/aws-sns": {
      "version": "1.204.0",
      "resolved": "https://registry.npmjs.org/@aws-cdk/aws-sns/-/aws-sns-1.204.0.tgz",
      "integrity": "sha512-KoWxqKT/dTjt9Pk0a3kJLcd6xZHvrwbZDC0mrLtxdRNhQoHmnURAHW2UqX/lefrCU1GcUFf4L58N9ehBTunAFQ==",
      "requires": {
        "@aws-cdk/aws-cloudwatch": "1.204.0",
        "@aws-cdk/aws-codestarnotifications": "1.204.0",
        "@aws-cdk/aws-events": "1.204.0",
        "@aws-cdk/aws-iam": "1.204.0",
        "@aws-cdk/aws-kms": "1.204.0",
        "@aws-cdk/aws-sqs": "1.204.0",
        "@aws-cdk/core": "1.204.0",
        "constructs": "^3.3.69"
      }
    },
    "@aws-cdk/aws-sns-subscriptions": {
      "version": "1.204.0",
      "resolved": "https://registry.npmjs.org/@aws-cdk/aws-sns-subscriptions/-/aws-sns-subscriptions-1.204.0.tgz",
      "integrity": "sha512-yi78Kp0fV2nL7LnxL9ot8wbhGVYsL/ZeIzi6m2+iRZCgW1V+nO/a/eXdk5mMpBGLCqOtWcG59sIpSjqHvgpdaQ==",
      "requires": {
        "@aws-cdk/aws-iam": "1.204.0",
        "@aws-cdk/aws-kms": "1.204.0",
        "@aws-cdk/aws-lambda": "1.204.0",
        "@aws-cdk/aws-sns": "1.204.0",
        "@aws-cdk/aws-sqs": "1.204.0",
        "@aws-cdk/core": "1.204.0",
        "constructs": "^3.3.69"
      }
    },
    "@aws-cdk/aws-sqs": {
      "version": "1.204.0",
      "resolved": "https://registry.npmjs.org/@aws-cdk/aws-sqs/-/aws-sqs-1.204.0.tgz",
      "integrity": "sha512-dVzuGMh6d5/X9P9jel1w2Wgdy5MuSE35+eBSFxN+S7oJRoVSARpyKMNYAPMCW+2OJCDw7fIqO1rWbsZBT1Gq8g==",
      "requires": {
        "@aws-cdk/aws-cloudwatch": "1.204.0",
        "@aws-cdk/aws-iam": "1.204.0",
        "@aws-cdk/aws-kms": "1.204.0",
        "@aws-cdk/core": "1.204.0",
        "constructs": "^3.3.69"
      }
    },
    "@aws-cdk/aws-ssm": {
      "version": "1.204.0",
      "resolved": "https://registry.npmjs.org/@aws-cdk/aws-ssm/-/aws-ssm-1.204.0.tgz",
      "integrity": "sha512-yYx7HZ8cWNXDAmX/99WkB477QhLoV2rcB8orei8aj7nRkNq5TMjeox0IJaZVgU+edNEDOi1fVX3flh0SAMiUrg==",
      "requires": {
        "@aws-cdk/aws-iam": "1.204.0",
        "@aws-cdk/aws-kms": "1.204.0",
        "@aws-cdk/cloud-assembly-schema": "1.204.0",
        "@aws-cdk/core": "1.204.0",
        "constructs": "^3.3.69"
      }
    },
    "@aws-cdk/aws-stepfunctions": {
      "version": "1.204.0",
      "resolved": "https://registry.npmjs.org/@aws-cdk/aws-stepfunctions/-/aws-stepfunctions-1.204.0.tgz",
      "integrity": "sha512-S8yuB5GtUajOxUcoMw82HQ+ei1U9uofwENEnEtYTeyqgjpd0FG4XHYoHvBdmgVvEKwpH/XiOePfEHeB8nTXufw==",
      "requires": {
        "@aws-cdk/aws-cloudwatch": "1.204.0",
        "@aws-cdk/aws-events": "1.204.0",
        "@aws-cdk/aws-iam": "1.204.0",
        "@aws-cdk/aws-logs": "1.204.0",
        "@aws-cdk/aws-s3": "1.204.0",
        "@aws-cdk/core": "1.204.0",
        "constructs": "^3.3.69"
      }
    },
    "@aws-cdk/cloud-assembly-schema": {
      "version": "1.204.0",
      "resolved": "https://registry.npmjs.org/@aws-cdk/cloud-assembly-schema/-/cloud-assembly-schema-1.204.0.tgz",
      "integrity": "sha512-DMNSR4DNKMNNfhOq1UizwZvesOKdhk3R3gRigrvWBHIkHMQg+W6aZFl7WZLKSBkChAXhIsH///psjhDQ20gl1w==",
      "requires": {
        "jsonschema": "^1.4.1",
        "semver": "^7.3.8"
      },
      "dependencies": {
        "jsonschema": {
          "version": "1.4.1",
          "bundled": true
        },
        "lru-cache": {
          "version": "6.0.0",
          "bundled": true,
          "requires": {
            "yallist": "^4.0.0"
          }
        },
        "semver": {
          "version": "7.3.8",
          "bundled": true,
          "requires": {
            "lru-cache": "^6.0.0"
          }
        },
        "yallist": {
          "version": "4.0.0",
          "bundled": true
        }
      }
    },
    "@aws-cdk/core": {
      "version": "1.204.0",
      "resolved": "https://registry.npmjs.org/@aws-cdk/core/-/core-1.204.0.tgz",
      "integrity": "sha512-yO/flJ9ihpzRhLTEqlbdbuPGtyyghHiiQPkUTLslwUM5vThVTbpgvW4UQHSGqytyst4MYXrN2jQn2RkwIRU57g==",
      "requires": {
        "@aws-cdk/cloud-assembly-schema": "1.204.0",
        "@aws-cdk/cx-api": "1.204.0",
        "@aws-cdk/region-info": "1.204.0",
        "@balena/dockerignore": "^1.0.2",
        "constructs": "^3.3.69",
        "fs-extra": "^9.1.0",
        "ignore": "^5.2.4",
        "minimatch": "^3.1.2"
      },
      "dependencies": {
        "@balena/dockerignore": {
          "version": "1.0.2",
          "bundled": true
        },
        "at-least-node": {
          "version": "1.0.0",
          "bundled": true
        },
        "balanced-match": {
          "version": "1.0.2",
          "bundled": true
        },
        "brace-expansion": {
          "version": "1.1.11",
          "bundled": true,
          "requires": {
            "balanced-match": "^1.0.0",
            "concat-map": "0.0.1"
          }
        },
        "concat-map": {
          "version": "0.0.1",
          "bundled": true
        },
        "fs-extra": {
          "version": "9.1.0",
          "bundled": true,
          "requires": {
            "at-least-node": "^1.0.0",
            "graceful-fs": "^4.2.0",
            "jsonfile": "^6.0.1",
            "universalify": "^2.0.0"
          }
        },
        "graceful-fs": {
          "version": "4.2.10",
          "bundled": true
        },
        "ignore": {
          "version": "5.2.4",
          "bundled": true
        },
        "jsonfile": {
          "version": "6.1.0",
          "bundled": true,
          "requires": {
            "graceful-fs": "^4.1.6",
            "universalify": "^2.0.0"
          }
        },
        "minimatch": {
          "version": "3.1.2",
          "bundled": true,
          "requires": {
            "brace-expansion": "^1.1.7"
          }
        },
        "universalify": {
          "version": "2.0.0",
          "bundled": true
        }
      }
    },
    "@aws-cdk/custom-resources": {
      "version": "1.204.0",
      "resolved": "https://registry.npmjs.org/@aws-cdk/custom-resources/-/custom-resources-1.204.0.tgz",
      "integrity": "sha512-0w3oi7LnAtMZpf7uUBDH6aT2Oo1EBQrqD+VTvPZDX8PJFAox8ol7buZ9sSTpIXgv9j/GK9yaPTIHt4m8ok9kVQ==",
      "requires": {
        "@aws-cdk/aws-cloudformation": "1.204.0",
        "@aws-cdk/aws-ec2": "1.204.0",
        "@aws-cdk/aws-iam": "1.204.0",
        "@aws-cdk/aws-lambda": "1.204.0",
        "@aws-cdk/aws-logs": "1.204.0",
        "@aws-cdk/aws-sns": "1.204.0",
        "@aws-cdk/core": "1.204.0",
        "constructs": "^3.3.69"
      }
    },
    "@aws-cdk/cx-api": {
      "version": "1.204.0",
      "resolved": "https://registry.npmjs.org/@aws-cdk/cx-api/-/cx-api-1.204.0.tgz",
      "integrity": "sha512-Juh/jL1kFPD5JcI9Uu6X0mM2L6hBCN5grdjSS40F8dThbH25VPzFBejaKjiy5nP1UZB83X+HW3utYOEi97DqxA==",
      "requires": {
        "@aws-cdk/cloud-assembly-schema": "1.204.0",
        "semver": "^7.3.8"
      },
      "dependencies": {
        "lru-cache": {
          "version": "6.0.0",
          "bundled": true,
          "requires": {
            "yallist": "^4.0.0"
          }
        },
        "semver": {
          "version": "7.3.8",
          "bundled": true,
          "requires": {
            "lru-cache": "^6.0.0"
          }
        },
        "yallist": {
          "version": "4.0.0",
          "bundled": true
        }
      }
    },
    "@aws-cdk/region-info": {
      "version": "1.204.0",
      "resolved": "https://registry.npmjs.org/@aws-cdk/region-info/-/region-info-1.204.0.tgz",
      "integrity": "sha512-lPkYJNoN4Gjlf0Fdfgcd1RTm5RD9qtfaFMwVvTn2KGTr7ZqmFskGQ9FqIcd5vd6GmsbAL8OrFOToLr1AHDuOiQ=="
    },
    "@types/node": {
      "version": "12.12.54",
      "resolved": "https://registry.npmjs.org/@types/node/-/node-12.12.54.tgz",
      "integrity": "sha512-ge4xZ3vSBornVYlDnk7yZ0gK6ChHf/CHB7Gl1I0Jhah8DDnEQqBzgohYG4FX4p81TNirSETOiSyn+y1r9/IR6w==",
      "dev": true
    },
    "arg": {
      "version": "4.1.3",
      "resolved": "https://registry.npmjs.org/arg/-/arg-4.1.3.tgz",
      "integrity": "sha512-58S9QDqG0Xx27YwPSt9fJxivjYl432YCwfDMfZ+71RAqUrZef7LrKQZ3LHLOwCS4FLNBplP533Zx895SeOCHvA==",
      "dev": true
    },
    "buffer-from": {
      "version": "1.1.1",
      "resolved": "https://registry.npmjs.org/buffer-from/-/buffer-from-1.1.1.tgz",
      "integrity": "sha512-MQcXEUbCKtEo7bhqEs6560Hyd4XaovZlO/k9V3hjVUF/zwW7KBVdSK4gIt/bzwS9MbR5qob+F5jusZsb0YQK2A==",
      "dev": true
    },
    "constructs": {
      "version": "3.4.344",
      "resolved": "https://registry.npmjs.org/constructs/-/constructs-3.4.344.tgz",
      "integrity": "sha512-Qq3upn44oGdvgasHUKWVFsrynyYrtVRd9fd8ko9cJOrFzx9eCm3iI4bhBryQqaISdausbTYUOXmoEe/YSJ16Nw=="
    },
    "diff": {
      "version": "4.0.2",
      "resolved": "https://registry.npmjs.org/diff/-/diff-4.0.2.tgz",
      "integrity": "sha512-58lmxKSA4BNyLz+HHMUzlOEpg09FV+ev6ZMe3vJihgdxzgcwZ8VoEEPmALCZG9LmqfVoNMMKpttIYTVG6uDY7A==",
      "dev": true
    },
    "make-error": {
      "version": "1.3.6",
      "resolved": "https://registry.npmjs.org/make-error/-/make-error-1.3.6.tgz",
      "integrity": "sha512-s8UhlNe7vPKomQhC1qFelMokr/Sc3AgNbso3n74mVPA5LTZwkB9NlXf4XPamLxJE8h0gh73rM94xvwRT2CVInw==",
      "dev": true
    },
    "prettier": {
      "version": "2.0.5",
      "resolved": "https://registry.npmjs.org/prettier/-/prettier-2.0.5.tgz",
      "integrity": "sha512-7PtVymN48hGcO4fGjybyBSIWDsLU4H4XlvOHfq91pz9kkGlonzwTfYkaIEwiRg/dAJF9YlbsduBAgtYLi+8cFg==",
      "dev": true
    },
    "source-map": {
      "version": "0.6.1",
      "resolved": "https://registry.npmjs.org/source-map/-/source-map-0.6.1.tgz",
      "integrity": "sha512-UjgapumWlbMhkBgzT7Ykc5YXUT46F0iKu8SGXq0bcwP5dz/h0Plj6enJqjz1Zbq2l5WaqYnrVbwWOWMyF3F47g==",
      "dev": true
    },
    "source-map-support": {
      "version": "0.5.19",
      "resolved": "https://registry.npmjs.org/source-map-support/-/source-map-support-0.5.19.tgz",
      "integrity": "sha512-Wonm7zOCIJzBGQdB+thsPar0kYuCIzYvxZwlBa87yi/Mdjv7Tip2cyVbLj5o0cFPN4EVkuTwb3GDDyUx2DGnGw==",
      "dev": true,
      "requires": {
        "buffer-from": "^1.0.0",
        "source-map": "^0.6.0"
      }
    },
    "ts-node": {
      "version": "8.10.2",
      "resolved": "https://registry.npmjs.org/ts-node/-/ts-node-8.10.2.tgz",
      "integrity": "sha512-ISJJGgkIpDdBhWVu3jufsWpK3Rzo7bdiIXJjQc0ynKxVOVcg2oIrf2H2cejminGrptVc6q6/uynAHNCuWGbpVA==",
      "dev": true,
      "requires": {
        "arg": "^4.1.0",
        "diff": "^4.0.1",
        "make-error": "^1.1.1",
        "source-map-support": "^0.5.17",
        "yn": "3.1.1"
      }
    },
    "typescript": {
      "version": "3.9.7",
      "resolved": "https://registry.npmjs.org/typescript/-/typescript-3.9.7.tgz",
      "integrity": "sha512-BLbiRkiBzAwsjut4x/dsibSTB6yWpwT5qWmC2OfuCg3GgVQCSgMs4vEctYPhsaGtd0AeuuHMkjZ2h2WG8MSzRw==",
      "dev": true
    },
    "yn": {
      "version": "3.1.1",
      "resolved": "https://registry.npmjs.org/yn/-/yn-3.1.1.tgz",
      "integrity": "sha512-Ux4ygGWsu2c7isFWe8Yu1YluJmqVhxqK2cLXNQA5AcC3QfbGNpM7fu0Y8b/z16pXLnFxZYvWhd3fhBY9DLmC6Q==",
      "dev": true
    }
  }
}
